
Microsoft Visual Studio Solution File, Format Version 12.00
# Visual Studio 15
VisualStudioVersion = 15.0.28307.1022
MinimumVisualStudioVersion = 10.0.40219.1
Project("{FAE04EC0-301F-11D3-BF4B-00C04F79EFBC}") = "CSharpSample", "CSharpSample\CSharpSample.csproj", "{467FD11E-3CDC-4331-A58A-3475F464A508}"
EndProject
Project("{FAE04EC0-301F-11D3-BF4B-00C04F79EFBC}") = "Study_Graph", "Study\Study_Graph.csproj", "{F9AB00EF-7CDD-4CAE-B96C-856FF6F86911}"
EndProject
Global
	GlobalSection(SolutionConfigurationPlatforms) = preSolution
		Debug|Any CPU = Debug|Any CPU
		Release|Any CPU = Release|Any CPU
	EndGlobalSection
	GlobalSection(ProjectConfigurationPlatforms) = postSolution
		{467FD11E-3CDC-4331-A58A-3475F464A508}.Debug|Any CPU.ActiveCfg = Debug|Any CPU
		{467FD11E-3CDC-4331-A58A-3475F464A508}.Debug|Any CPU.Build.0 = Debug|Any CPU
		{467FD11E-3CDC-4331-A58A-3475F464A508}.Release|Any CPU.ActiveCfg = Release|Any CPU
		{467FD11E-3CDC-4331-A58A-3475F464A508}.Release|Any CPU.Build.0 = Release|Any CPU
		{F9AB00EF-7CDD-4CAE-B96C-856FF6F86911}.Debug|Any CPU.ActiveCfg = Debug|Any CPU
		{F9AB00EF-7CDD-4CAE-B96C-856FF6F86911}.Debug|Any CPU.Build.0 = Debug|Any CPU
		{F9AB00EF-7CDD-4CAE-B96C-856FF6F86911}.Release|Any CPU.ActiveCfg = Release|Any CPU
		{F9AB00EF-7CDD-4CAE-B96C-856FF6F86911}.Release|Any CPU.Build.0 = Release|Any CPU
	EndGlobalSection
	GlobalSection(SolutionProperties) = preSolution
		HideSolutionNode = FALSE
	EndGlobalSection
	GlobalSection(ExtensibilityGlobals) = postSolution
		SolutionGuid = {D1DFE4E2-29DA-4872-9128-B44CD3486CB3}
	EndGlobalSection
EndGlobal
