
Microsoft Visual Studio Solution File, Format Version 12.00
# Visual Studio 15
VisualStudioVersion = 15.0.28307.960
MinimumVisualStudioVersion = 10.0.40219.1
Project("{FAE04EC0-301F-11D3-BF4B-00C04F79EFBC}") = "Jong2D", "Jong2D\Jong2D.csproj", "{A0A25C0C-52C3-4A09-9B2E-1D35FE574E07}"
EndProject
Global
	GlobalSection(SolutionConfigurationPlatforms) = preSolution
		Debug|x64 = Debug|x64
		Debug|x86 = Debug|x86
		Release|x64 = Release|x64
		Release|x86 = Release|x86
	EndGlobalSection
	GlobalSection(ProjectConfigurationPlatforms) = postSolution
		{A0A25C0C-52C3-4A09-9B2E-1D35FE574E07}.Debug|x64.ActiveCfg = Debug|x64
		{A0A25C0C-52C3-4A09-9B2E-1D35FE574E07}.Debug|x64.Build.0 = Debug|x64
		{A0A25C0C-52C3-4A09-9B2E-1D35FE574E07}.Debug|x86.ActiveCfg = Debug|x86
		{A0A25C0C-52C3-4A09-9B2E-1D35FE574E07}.Debug|x86.Build.0 = Debug|x86
		{A0A25C0C-52C3-4A09-9B2E-1D35FE574E07}.Release|x64.ActiveCfg = Release|x64
		{A0A25C0C-52C3-4A09-9B2E-1D35FE574E07}.Release|x64.Build.0 = Release|x64
		{A0A25C0C-52C3-4A09-9B2E-1D35FE574E07}.Release|x86.ActiveCfg = Release|x86
		{A0A25C0C-52C3-4A09-9B2E-1D35FE574E07}.Release|x86.Build.0 = Release|x86
	EndGlobalSection
	GlobalSection(SolutionProperties) = preSolution
		HideSolutionNode = FALSE
	EndGlobalSection
	GlobalSection(ExtensibilityGlobals) = postSolution
		SolutionGuid = {46F0188A-E2E2-4CA6-9D9B-54AD8B4F7F31}
	EndGlobalSection
EndGlobal
